
Microsoft Visual Studio Solution File, Format Version 12.00
# Visual Studio Version 17
VisualStudioVersion = 17.3.32825.248
MinimumVisualStudioVersion = 10.0.40219.1
Project("{2150E333-8FDC-42A3-9474-1A3956D46DE8}") = "Services", "Services", "{BE68AA78-CC39-4CFA-878F-B763DCD8658E}"
EndProject
Project("{2150E333-8FDC-42A3-9474-1A3956D46DE8}") = "Restaurant", "Restaurant", "{5C814F86-3783-41D7-B411-17906E87CF1A}"
EndProject
Project("{FAE04EC0-301F-11D3-BF4B-00C04F79EFBC}") = "Restaurant.API", "Services\Restaurant\Restaurant.API\Restaurant.API.csproj", "{9FC545A2-3FD9-4E61-9856-2AF428F720F9}"
EndProject
Project("{FAE04EC0-301F-11D3-BF4B-00C04F79EFBC}") = "Restaurant.Domain", "Services\Restaurant\Restaurant.Domain\Restaurant.Domain.csproj", "{21176FD8-1848-4AC3-9EE1-383016D5C486}"
EndProject
Global
	GlobalSection(SolutionConfigurationPlatforms) = preSolution
		Debug|Any CPU = Debug|Any CPU
		Release|Any CPU = Release|Any CPU
	EndGlobalSection
	GlobalSection(ProjectConfigurationPlatforms) = postSolution
		{9FC545A2-3FD9-4E61-9856-2AF428F720F9}.Debug|Any CPU.ActiveCfg = Debug|Any CPU
		{9FC545A2-3FD9-4E61-9856-2AF428F720F9}.Debug|Any CPU.Build.0 = Debug|Any CPU
		{9FC545A2-3FD9-4E61-9856-2AF428F720F9}.Release|Any CPU.ActiveCfg = Release|Any CPU
		{9FC545A2-3FD9-4E61-9856-2AF428F720F9}.Release|Any CPU.Build.0 = Release|Any CPU
		{21176FD8-1848-4AC3-9EE1-383016D5C486}.Debug|Any CPU.ActiveCfg = Debug|Any CPU
		{21176FD8-1848-4AC3-9EE1-383016D5C486}.Debug|Any CPU.Build.0 = Debug|Any CPU
		{21176FD8-1848-4AC3-9EE1-383016D5C486}.Release|Any CPU.ActiveCfg = Release|Any CPU
		{21176FD8-1848-4AC3-9EE1-383016D5C486}.Release|Any CPU.Build.0 = Release|Any CPU
	EndGlobalSection
	GlobalSection(SolutionProperties) = preSolution
		HideSolutionNode = FALSE
	EndGlobalSection
	GlobalSection(NestedProjects) = preSolution
		{5C814F86-3783-41D7-B411-17906E87CF1A} = {BE68AA78-CC39-4CFA-878F-B763DCD8658E}
		{9FC545A2-3FD9-4E61-9856-2AF428F720F9} = {5C814F86-3783-41D7-B411-17906E87CF1A}
		{21176FD8-1848-4AC3-9EE1-383016D5C486} = {5C814F86-3783-41D7-B411-17906E87CF1A}
	EndGlobalSection
	GlobalSection(ExtensibilityGlobals) = postSolution
		SolutionGuid = {79AFF4B3-E5A7-4C4E-BF0C-1BAA63D6EED0}
	EndGlobalSection
EndGlobal
